// !$*UTF8*$!
{
	archiveVersion = 1;
	classes = {
	};
	objectVersion = 56;
	objects = {

/* Begin PBXBuildFile section */
		2C2603202C9489FB00184B94 /* SideMenuView.swift in Sources */ = {isa = PBXBuildFile; fileRef = 2C26031F2C9489FB00184B94 /* SideMenuView.swift */; };
		2C26032B2C95638400184B94 /* Logo.png in Resources */ = {isa = PBXBuildFile; fileRef = 2C26032A2C95638400184B94 /* Logo.png */; };
		2C26032D2C9567A700184B94 /* SearchResultsView.swift in Sources */ = {isa = PBXBuildFile; fileRef = 2C26032C2C9567A700184B94 /* SearchResultsView.swift */; };
		AE5BEB352C9476A700536890 /* Assets.xcassets in Resources */ = {isa = PBXBuildFile; fileRef = AE5BEB342C9476A700536890 /* Assets.xcassets */; };
		AE5BEB382C9476A700536890 /* Preview Assets.xcassets in Resources */ = {isa = PBXBuildFile; fileRef = AE5BEB372C9476A700536890 /* Preview Assets.xcassets */; };
		AE5BEB3F2C9476C200536890 /* SeriesApp.swift in Sources */ = {isa = PBXBuildFile; fileRef = AE5BEB3E2C9476C200536890 /* SeriesApp.swift */; };
		AE5BEB452C94775300536890 /* Series.swift in Sources */ = {isa = PBXBuildFile; fileRef = AE5BEB442C94775300536890 /* Series.swift */; };
		AE5BEB472C94777C00536890 /* SeriesViewModel.swift in Sources */ = {isa = PBXBuildFile; fileRef = AE5BEB462C94777C00536890 /* SeriesViewModel.swift */; };
		AE5BEB492C94779900536890 /* APIService.swift in Sources */ = {isa = PBXBuildFile; fileRef = AE5BEB482C94779900536890 /* APIService.swift */; };
		AE5BEB4B2C9477B200536890 /* ContentView.swift in Sources */ = {isa = PBXBuildFile; fileRef = AE5BEB4A2C9477B200536890 /* ContentView.swift */; };
		AE5BEB4D2C9477CE00536890 /* SectionView.swift in Sources */ = {isa = PBXBuildFile; fileRef = AE5BEB4C2C9477CE00536890 /* SectionView.swift */; };
		AE5BEB4F2C9477EA00536890 /* SerieItemView.swift in Sources */ = {isa = PBXBuildFile; fileRef = AE5BEB4E2C9477EA00536890 /* SerieItemView.swift */; };
/* End PBXBuildFile section */

/* Begin PBXFileReference section */
		2C26031F2C9489FB00184B94 /* SideMenuView.swift */ = {isa = PBXFileReference; lastKnownFileType = sourcecode.swift; path = SideMenuView.swift; sourceTree = "<group>"; };
		2C26032A2C95638400184B94 /* Logo.png */ = {isa = PBXFileReference; lastKnownFileType = image.png; name = Logo.png; path = ../../../../Downloads/Logo.png; sourceTree = "<group>"; };
		2C26032C2C9567A700184B94 /* SearchResultsView.swift */ = {isa = PBXFileReference; lastKnownFileType = sourcecode.swift; path = SearchResultsView.swift; sourceTree = "<group>"; };
		AE5BEB2D2C9476A500536890 /* SeriesHUBremake.app */ = {isa = PBXFileReference; explicitFileType = wrapper.application; includeInIndex = 0; path = SeriesHUBremake.app; sourceTree = BUILT_PRODUCTS_DIR; };
		AE5BEB342C9476A700536890 /* Assets.xcassets */ = {isa = PBXFileReference; lastKnownFileType = folder.assetcatalog; path = Assets.xcassets; sourceTree = "<group>"; };
		AE5BEB372C9476A700536890 /* Preview Assets.xcassets */ = {isa = PBXFileReference; lastKnownFileType = folder.assetcatalog; path = "Preview Assets.xcassets"; sourceTree = "<group>"; };
		AE5BEB3E2C9476C200536890 /* SeriesApp.swift */ = {isa = PBXFileReference; lastKnownFileType = sourcecode.swift; path = SeriesApp.swift; sourceTree = "<group>"; };
		AE5BEB442C94775300536890 /* Series.swift */ = {isa = PBXFileReference; lastKnownFileType = sourcecode.swift; path = Series.swift; sourceTree = "<group>"; };
		AE5BEB462C94777C00536890 /* SeriesViewModel.swift */ = {isa = PBXFileReference; lastKnownFileType = sourcecode.swift; path = SeriesViewModel.swift; sourceTree = "<group>"; };
		AE5BEB482C94779900536890 /* APIService.swift */ = {isa = PBXFileReference; lastKnownFileType = sourcecode.swift; path = APIService.swift; sourceTree = "<group>"; };
		AE5BEB4A2C9477B200536890 /* ContentView.swift */ = {isa = PBXFileReference; lastKnownFileType = sourcecode.swift; path = ContentView.swift; sourceTree = "<group>"; };
		AE5BEB4C2C9477CE00536890 /* SectionView.swift */ = {isa = PBXFileReference; lastKnownFileType = sourcecode.swift; path = SectionView.swift; sourceTree = "<group>"; };
		AE5BEB4E2C9477EA00536890 /* SerieItemView.swift */ = {isa = PBXFileReference; lastKnownFileType = sourcecode.swift; path = SerieItemView.swift; sourceTree = "<group>"; };
/* End PBXFileReference section */

/* Begin PBXFrameworksBuildPhase section */
		AE5BEB2A2C9476A500536890 /* Frameworks */ = {
			isa = PBXFrameworksBuildPhase;
			buildActionMask = 2147483647;
			files = (
			);
			runOnlyForDeploymentPostprocessing = 0;
		};
/* End PBXFrameworksBuildPhase section */

/* Begin PBXGroup section */
		2C2603272C95634200184B94 /* IMG */ = {
			isa = PBXGroup;
			children = (
				2C26032A2C95638400184B94 /* Logo.png */,
			);
			path = IMG;
			sourceTree = "<group>";
		};
		AE5BEB242C9476A500536890 = {
			isa = PBXGroup;
			children = (
				AE5BEB2F2C9476A500536890 /* SeriesHUBremake */,
				AE5BEB2E2C9476A500536890 /* Products */,
			);
			sourceTree = "<group>";
		};
		AE5BEB2E2C9476A500536890 /* Products */ = {
			isa = PBXGroup;
			children = (
				AE5BEB2D2C9476A500536890 /* SeriesHUBremake.app */,
			);
			name = Products;
			sourceTree = "<group>";
		};
		AE5BEB2F2C9476A500536890 /* SeriesHUBremake */ = {
			isa = PBXGroup;
			children = (
				2C2603272C95634200184B94 /* IMG */,
				AE5BEB432C9476DF00536890 /* Services */,
				AE5BEB422C9476D900536890 /* Views */,
				AE5BEB412C9476D000536890 /* ViewModels */,
				AE5BEB402C9476CA00536890 /* Models */,
				AE5BEB342C9476A700536890 /* Assets.xcassets */,
				AE5BEB362C9476A700536890 /* Preview Content */,
				AE5BEB3E2C9476C200536890 /* SeriesApp.swift */,
			);
			path = SeriesHUBremake;
			sourceTree = "<group>";
		};
		AE5BEB362C9476A700536890 /* Preview Content */ = {
			isa = PBXGroup;
			children = (
				AE5BEB372C9476A700536890 /* Preview Assets.xcassets */,
			);
			path = "Preview Content";
			sourceTree = "<group>";
		};
		AE5BEB402C9476CA00536890 /* Models */ = {
			isa = PBXGroup;
			children = (
				AE5BEB442C94775300536890 /* Series.swift */,
			);
			path = Models;
			sourceTree = "<group>";
		};
		AE5BEB412C9476D000536890 /* ViewModels */ = {
			isa = PBXGroup;
			children = (
				AE5BEB462C94777C00536890 /* SeriesViewModel.swift */,
			);
			path = ViewModels;
			sourceTree = "<group>";
		};
		AE5BEB422C9476D900536890 /* Views */ = {
			isa = PBXGroup;
			children = (
				AE5BEB4A2C9477B200536890 /* ContentView.swift */,
				AE5BEB4C2C9477CE00536890 /* SectionView.swift */,
				AE5BEB4E2C9477EA00536890 /* SerieItemView.swift */,
				2C26031F2C9489FB00184B94 /* SideMenuView.swift */,
				2C26032C2C9567A700184B94 /* SearchResultsView.swift */,
			);
			path = Views;
			sourceTree = "<group>";
		};
		AE5BEB432C9476DF00536890 /* Services */ = {
			isa = PBXGroup;
			children = (
				AE5BEB482C94779900536890 /* APIService.swift */,
			);
			path = Services;
			sourceTree = "<group>";
		};
/* End PBXGroup section */

/* Begin PBXNativeTarget section */
		AE5BEB2C2C9476A500536890 /* SeriesHUBremake */ = {
			isa = PBXNativeTarget;
			buildConfigurationList = AE5BEB3B2C9476A700536890 /* Build configuration list for PBXNativeTarget "SeriesHUBremake" */;
			buildPhases = (
				AE5BEB292C9476A500536890 /* Sources */,
				AE5BEB2A2C9476A500536890 /* Frameworks */,
				AE5BEB2B2C9476A500536890 /* Resources */,
			);
			buildRules = (
			);
			dependencies = (
			);
			name = SeriesHUBremake;
			productName = SeriesHUBremake;
			productReference = AE5BEB2D2C9476A500536890 /* SeriesHUBremake.app */;
			productType = "com.apple.product-type.application";
		};
/* End PBXNativeTarget section */

/* Begin PBXProject section */
		AE5BEB252C9476A500536890 /* Project object */ = {
			isa = PBXProject;
			attributes = {
				BuildIndependentTargetsInParallel = 1;
				LastSwiftUpdateCheck = 1400;
				LastUpgradeCheck = 1400;
				TargetAttributes = {
					AE5BEB2C2C9476A500536890 = {
						CreatedOnToolsVersion = 14.0.1;
					};
				};
			};
			buildConfigurationList = AE5BEB282C9476A500536890 /* Build configuration list for PBXProject "SeriesHUBremake" */;
			compatibilityVersion = "Xcode 14.0";
			developmentRegion = en;
			hasScannedForEncodings = 0;
			knownRegions = (
				en,
				Base,
			);
			mainGroup = AE5BEB242C9476A500536890;
			productRefGroup = AE5BEB2E2C9476A500536890 /* Products */;
			projectDirPath = "";
			projectRoot = "";
			targets = (
				AE5BEB2C2C9476A500536890 /* SeriesHUBremake */,
			);
		};
/* End PBXProject section */

/* Begin PBXResourcesBuildPhase section */
		AE5BEB2B2C9476A500536890 /* Resources */ = {
			isa = PBXResourcesBuildPhase;
			buildActionMask = 2147483647;
			files = (
				2C26032B2C95638400184B94 /* Logo.png in Resources */,
				AE5BEB382C9476A700536890 /* Preview Assets.xcassets in Resources */,
				AE5BEB352C9476A700536890 /* Assets.xcassets in Resources */,
			);
			runOnlyForDeploymentPostprocessing = 0;
		};
/* End PBXResourcesBuildPhase section */

/* Begin PBXSourcesBuildPhase section */
		AE5BEB292C9476A500536890 /* Sources */ = {
			isa = PBXSourcesBuildPhase;
			buildActionMask = 2147483647;
			files = (
				AE5BEB4B2C9477B200536890 /* ContentView.swift in Sources */,
				2C26032D2C9567A700184B94 /* SearchResultsView.swift in Sources */,
				AE5BEB472C94777C00536890 /* SeriesViewModel.swift in Sources */,
				2C2603202C9489FB00184B94 /* SideMenuView.swift in Sources */,
				AE5BEB4F2C9477EA00536890 /* SerieItemView.swift in Sources */,
				AE5BEB4D2C9477CE00536890 /* SectionView.swift in Sources */,
				AE5BEB452C94775300536890 /* Series.swift in Sources */,
				AE5BEB492C94779900536890 /* APIService.swift in Sources */,
				AE5BEB3F2C9476C200536890 /* SeriesApp.swift in Sources */,
			);
			runOnlyForDeploymentPostprocessing = 0;
		};
/* End PBXSourcesBuildPhase section */

/* Begin XCBuildConfiguration section */
		AE5BEB392C9476A700536890 /* Debug */ = {
			isa = XCBuildConfiguration;
			buildSettings = {
				ALWAYS_SEARCH_USER_PATHS = NO;
				CLANG_ANALYZER_NONNULL = YES;
				CLANG_ANALYZER_NUMBER_OBJECT_CONVERSION = YES_AGGRESSIVE;
				CLANG_CXX_LANGUAGE_STANDARD = "gnu++20";
				CLANG_ENABLE_MODULES = YES;
				CLANG_ENABLE_OBJC_ARC = YES;
				CLANG_ENABLE_OBJC_WEAK = YES;
				CLANG_WARN_BLOCK_CAPTURE_AUTORELEASING = YES;
				CLANG_WARN_BOOL_CONVERSION = YES;
				CLANG_WARN_COMMA = YES;
				CLANG_WARN_CONSTANT_CONVERSION = YES;
				CLANG_WARN_DEPRECATED_OBJC_IMPLEMENTATIONS = YES;
				CLANG_WARN_DIRECT_OBJC_ISA_USAGE = YES_ERROR;
				CLANG_WARN_DOCUMENTATION_COMMENTS = YES;
				CLANG_WARN_EMPTY_BODY = YES;
				CLANG_WARN_ENUM_CONVERSION = YES;
				CLANG_WARN_INFINITE_RECURSION = YES;
				CLANG_WARN_INT_CONVERSION = YES;
				CLANG_WARN_NON_LITERAL_NULL_CONVERSION = YES;
				CLANG_WARN_OBJC_IMPLICIT_RETAIN_SELF = YES;
				CLANG_WARN_OBJC_LITERAL_CONVERSION = YES;
				CLANG_WARN_OBJC_ROOT_CLASS = YES_ERROR;
				CLANG_WARN_QUOTED_INCLUDE_IN_FRAMEWORK_HEADER = YES;
				CLANG_WARN_RANGE_LOOP_ANALYSIS = YES;
				CLANG_WARN_STRICT_PROTOTYPES = YES;
				CLANG_WARN_SUSPICIOUS_MOVE = YES;
				CLANG_WARN_UNGUARDED_AVAILABILITY = YES_AGGRESSIVE;
				CLANG_WARN_UNREACHABLE_CODE = YES;
				CLANG_WARN__DUPLICATE_METHOD_MATCH = YES;
				COPY_PHASE_STRIP = NO;
				DEBUG_INFORMATION_FORMAT = dwarf;
				ENABLE_STRICT_OBJC_MSGSEND = YES;
				ENABLE_TESTABILITY = YES;
				GCC_C_LANGUAGE_STANDARD = gnu11;
				GCC_DYNAMIC_NO_PIC = NO;
				GCC_NO_COMMON_BLOCKS = YES;
				GCC_OPTIMIZATION_LEVEL = 0;
				GCC_PREPROCESSOR_DEFINITIONS = (
					"DEBUG=1",
					"$(inherited)",
				);
				GCC_WARN_64_TO_32_BIT_CONVERSION = YES;
				GCC_WARN_ABOUT_RETURN_TYPE = YES_ERROR;
				GCC_WARN_UNDECLARED_SELECTOR = YES;
				GCC_WARN_UNINITIALIZED_AUTOS = YES_AGGRESSIVE;
				GCC_WARN_UNUSED_FUNCTION = YES;
				GCC_WARN_UNUSED_VARIABLE = YES;
				IPHONEOS_DEPLOYMENT_TARGET = 16.0;
				MTL_ENABLE_DEBUG_INFO = INCLUDE_SOURCE;
				MTL_FAST_MATH = YES;
				ONLY_ACTIVE_ARCH = YES;
				SDKROOT = iphoneos;
				SWIFT_ACTIVE_COMPILATION_CONDITIONS = DEBUG;
				SWIFT_OPTIMIZATION_LEVEL = "-Onone";
			};
			name = Debug;
		};
		AE5BEB3A2C9476A700536890 /* Release */ = {
			isa = XCBuildConfiguration;
			buildSettings = {
				ALWAYS_SEARCH_USER_PATHS = NO;
				CLANG_ANALYZER_NONNULL = YES;
				CLANG_ANALYZER_NUMBER_OBJECT_CONVERSION = YES_AGGRESSIVE;
				CLANG_CXX_LANGUAGE_STANDARD = "gnu++20";
				CLANG_ENABLE_MODULES = YES;
				CLANG_ENABLE_OBJC_ARC = YES;
				CLANG_ENABLE_OBJC_WEAK = YES;
				CLANG_WARN_BLOCK_CAPTURE_AUTORELEASING = YES;
				CLANG_WARN_BOOL_CONVERSION = YES;
				CLANG_WARN_COMMA = YES;
				CLANG_WARN_CONSTANT_CONVERSION = YES;
				CLANG_WARN_DEPRECATED_OBJC_IMPLEMENTATIONS = YES;
				CLANG_WARN_DIRECT_OBJC_ISA_USAGE = YES_ERROR;
				CLANG_WARN_DOCUMENTATION_COMMENTS = YES;
				CLANG_WARN_EMPTY_BODY = YES;
				CLANG_WARN_ENUM_CONVERSION = YES;
				CLANG_WARN_INFINITE_RECURSION = YES;
				CLANG_WARN_INT_CONVERSION = YES;
				CLANG_WARN_NON_LITERAL_NULL_CONVERSION = YES;
				CLANG_WARN_OBJC_IMPLICIT_RETAIN_SELF = YES;
				CLANG_WARN_OBJC_LITERAL_CONVERSION = YES;
				CLANG_WARN_OBJC_ROOT_CLASS = YES_ERROR;
				CLANG_WARN_QUOTED_INCLUDE_IN_FRAMEWORK_HEADER = YES;
				CLANG_WARN_RANGE_LOOP_ANALYSIS = YES;
				CLANG_WARN_STRICT_PROTOTYPES = YES;
				CLANG_WARN_SUSPICIOUS_MOVE = YES;
				CLANG_WARN_UNGUARDED_AVAILABILITY = YES_AGGRESSIVE;
				CLANG_WARN_UNREACHABLE_CODE = YES;
				CLANG_WARN__DUPLICATE_METHOD_MATCH = YES;
				COPY_PHASE_STRIP = NO;
				DEBUG_INFORMATION_FORMAT = "dwarf-with-dsym";
				ENABLE_NS_ASSERTIONS = NO;
				ENABLE_STRICT_OBJC_MSGSEND = YES;
				GCC_C_LANGUAGE_STANDARD = gnu11;
				GCC_NO_COMMON_BLOCKS = YES;
				GCC_WARN_64_TO_32_BIT_CONVERSION = YES;
				GCC_WARN_ABOUT_RETURN_TYPE = YES_ERROR;
				GCC_WARN_UNDECLARED_SELECTOR = YES;
				GCC_WARN_UNINITIALIZED_AUTOS = YES_AGGRESSIVE;
				GCC_WARN_UNUSED_FUNCTION = YES;
				GCC_WARN_UNUSED_VARIABLE = YES;
				IPHONEOS_DEPLOYMENT_TARGET = 16.0;
				MTL_ENABLE_DEBUG_INFO = NO;
				MTL_FAST_MATH = YES;
				SDKROOT = iphoneos;
				SWIFT_COMPILATION_MODE = wholemodule;
				SWIFT_OPTIMIZATION_LEVEL = "-O";
				VALIDATE_PRODUCT = YES;
			};
			name = Release;
		};
		AE5BEB3C2C9476A700536890 /* Debug */ = {
			isa = XCBuildConfiguration;
			buildSettings = {
				ASSETCATALOG_COMPILER_APPICON_NAME = AppIcon;
				ASSETCATALOG_COMPILER_GLOBAL_ACCENT_COLOR_NAME = AccentColor;
				CODE_SIGN_STYLE = Automatic;
				CURRENT_PROJECT_VERSION = 1;
				DEVELOPMENT_ASSET_PATHS = "\"SeriesHUBremake/Preview Content\"";
				ENABLE_PREVIEWS = YES;
				GENERATE_INFOPLIST_FILE = YES;
				INFOPLIST_KEY_UIApplicationSceneManifest_Generation = YES;
				INFOPLIST_KEY_UIApplicationSupportsIndirectInputEvents = YES;
				INFOPLIST_KEY_UILaunchScreen_Generation = YES;
				INFOPLIST_KEY_UISupportedInterfaceOrientations_iPad = "UIInterfaceOrientationPortrait UIInterfaceOrientationPortraitUpsideDown UIInterfaceOrientationLandscapeLeft UIInterfaceOrientationLandscapeRight";
				INFOPLIST_KEY_UISupportedInterfaceOrientations_iPhone = "UIInterfaceOrientationPortrait UIInterfaceOrientationLandscapeLeft UIInterfaceOrientationLandscapeRight";
				LD_RUNPATH_SEARCH_PATHS = (
					"$(inherited)",
					"@executable_path/Frameworks",
				);
				MARKETING_VERSION = 1.0;
				PRODUCT_BUNDLE_IDENTIFIER = com.rinor.SeriesHUBremake;
				PRODUCT_NAME = "$(TARGET_NAME)";
				SWIFT_EMIT_LOC_STRINGS = YES;
				SWIFT_VERSION = 5.0;
				TARGETED_DEVICE_FAMILY = "1,2";
			};
			name = Debug;
		};
		AE5BEB3D2C9476A700536890 /* Release */ = {
			isa = XCBuildConfiguration;
			buildSettings = {
				ASSETCATALOG_COMPILER_APPICON_NAME = AppIcon;
				ASSETCATALOG_COMPILER_GLOBAL_ACCENT_COLOR_NAME = AccentColor;
				CODE_SIGN_STYLE = Automatic;
				CURRENT_PROJECT_VERSION = 1;
				DEVELOPMENT_ASSET_PATHS = "\"SeriesHUBremake/Preview Content\"";
				ENABLE_PREVIEWS = YES;
				GENERATE_INFOPLIST_FILE = YES;
				INFOPLIST_KEY_UIApplicationSceneManifest_Generation = YES;
				INFOPLIST_KEY_UIApplicationSupportsIndirectInputEvents = YES;
				INFOPLIST_KEY_UILaunchScreen_Generation = YES;
				INFOPLIST_KEY_UISupportedInterfaceOrientations_iPad = "UIInterfaceOrientationPortrait UIInterfaceOrientationPortraitUpsideDown UIInterfaceOrientationLandscapeLeft UIInterfaceOrientationLandscapeRight";
				INFOPLIST_KEY_UISupportedInterfaceOrientations_iPhone = "UIInterfaceOrientationPortrait UIInterfaceOrientationLandscapeLeft UIInterfaceOrientationLandscapeRight";
				LD_RUNPATH_SEARCH_PATHS = (
					"$(inherited)",
					"@executable_path/Frameworks",
				);
				MARKETING_VERSION = 1.0;
				PRODUCT_BUNDLE_IDENTIFIER = com.rinor.SeriesHUBremake;
				PRODUCT_NAME = "$(TARGET_NAME)";
				SWIFT_EMIT_LOC_STRINGS = YES;
				SWIFT_VERSION = 5.0;
				TARGETED_DEVICE_FAMILY = "1,2";
			};
			name = Release;
		};
/* End XCBuildConfiguration section */

/* Begin XCConfigurationList section */
		AE5BEB282C9476A500536890 /* Build configuration list for PBXProject "SeriesHUBremake" */ = {
			isa = XCConfigurationList;
			buildConfigurations = (
				AE5BEB392C9476A700536890 /* Debug */,
				AE5BEB3A2C9476A700536890 /* Release */,
			);
			defaultConfigurationIsVisible = 0;
			defaultConfigurationName = Release;
		};
		AE5BEB3B2C9476A700536890 /* Build configuration list for PBXNativeTarget "SeriesHUBremake" */ = {
			isa = XCConfigurationList;
			buildConfigurations = (
				AE5BEB3C2C9476A700536890 /* Debug */,
				AE5BEB3D2C9476A700536890 /* Release */,
			);
			defaultConfigurationIsVisible = 0;
			defaultConfigurationName = Release;
		};
/* End XCConfigurationList section */
	};
	rootObject = AE5BEB252C9476A500536890 /* Project object */;
}
